
Microsoft Visual Studio Solution File, Format Version 12.00
# Visual Studio 15
VisualStudioVersion = 15.0.28307.421
MinimumVisualStudioVersion = 10.0.40219.1
Project("{FAE04EC0-301F-11D3-BF4B-00C04F79EFBC}") = "Sebestoimost", "Sebestoimost\Sebestoimost.csproj", "{7C70E9EF-A712-4D81-AAA0-9C3E9C6C6B06}"
EndProject
Global
	GlobalSection(SolutionConfigurationPlatforms) = preSolution
		Debug|Any CPU = Debug|Any CPU
		Release|Any CPU = Release|Any CPU
	EndGlobalSection
	GlobalSection(ProjectConfigurationPlatforms) = postSolution
		{7C70E9EF-A712-4D81-AAA0-9C3E9C6C6B06}.Debug|Any CPU.ActiveCfg = Debug|Any CPU
		{7C70E9EF-A712-4D81-AAA0-9C3E9C6C6B06}.Debug|Any CPU.Build.0 = Debug|Any CPU
		{7C70E9EF-A712-4D81-AAA0-9C3E9C6C6B06}.Release|Any CPU.ActiveCfg = Release|Any CPU
		{7C70E9EF-A712-4D81-AAA0-9C3E9C6C6B06}.Release|Any CPU.Build.0 = Release|Any CPU
	EndGlobalSection
	GlobalSection(SolutionProperties) = preSolution
		HideSolutionNode = FALSE
	EndGlobalSection
	GlobalSection(ExtensibilityGlobals) = postSolution
		SolutionGuid = {806BC6D3-2047-4240-BD4C-5591278103FE}
	EndGlobalSection
EndGlobal
